
Microsoft Visual Studio Solution File, Format Version 12.00
# Visual Studio Version 16
VisualStudioVersion = 16.0.30413.136
MinimumVisualStudioVersion = 10.0.40219.1
Project("{FAE04EC0-301F-11D3-BF4B-00C04F79EFBC}") = "Iris", "Iris.csproj", "{011F702D-7880-48E8-A6F1-9A27F9E49339}"
EndProject
Global
	GlobalSection(SolutionConfigurationPlatforms) = preSolution
		Debug|Any CPU = Debug|Any CPU
		Release|Any CPU = Release|Any CPU
	EndGlobalSection
	GlobalSection(ProjectConfigurationPlatforms) = postSolution
		{011F702D-7880-48E8-A6F1-9A27F9E49339}.Debug|Any CPU.ActiveCfg = Debug|Any CPU
		{011F702D-7880-48E8-A6F1-9A27F9E49339}.Debug|Any CPU.Build.0 = Debug|Any CPU
		{011F702D-7880-48E8-A6F1-9A27F9E49339}.Release|Any CPU.ActiveCfg = Release|Any CPU
		{011F702D-7880-48E8-A6F1-9A27F9E49339}.Release|Any CPU.Build.0 = Release|Any CPU
	EndGlobalSection
	GlobalSection(SolutionProperties) = preSolution
		HideSolutionNode = FALSE
	EndGlobalSection
	GlobalSection(ExtensibilityGlobals) = postSolution
		SolutionGuid = {A3DB6AA1-DC46-47C3-9A0C-6D0BDE18BEE5}
	EndGlobalSection
EndGlobal
